
Microsoft Visual Studio Solution File, Format Version 12.00
# Visual Studio Version 16
VisualStudioVersion = 16.0.29728.190
MinimumVisualStudioVersion = 10.0.40219.1
Project("{9A19103F-16F7-4668-BE54-9A1E7A4F7556}") = "Cards.Api", "Cards.Api\Cards.Api.csproj", "{2FD84FCE-DE7F-4640-B6BF-86D2BA59F659}"
EndProject
Project("{FAE04EC0-301F-11D3-BF4B-00C04F79EFBC}") = "Cards.Api.Test", "Cards.Api.Test\Cards.Api.Test.csproj", "{DC52C458-0179-4915-BE0E-1789B9599679}"
EndProject
Global
	GlobalSection(SolutionConfigurationPlatforms) = preSolution
		Debug|Any CPU = Debug|Any CPU
		Release|Any CPU = Release|Any CPU
	EndGlobalSection
	GlobalSection(ProjectConfigurationPlatforms) = postSolution
		{2FD84FCE-DE7F-4640-B6BF-86D2BA59F659}.Debug|Any CPU.ActiveCfg = Debug|Any CPU
		{2FD84FCE-DE7F-4640-B6BF-86D2BA59F659}.Debug|Any CPU.Build.0 = Debug|Any CPU
		{2FD84FCE-DE7F-4640-B6BF-86D2BA59F659}.Release|Any CPU.ActiveCfg = Release|Any CPU
		{2FD84FCE-DE7F-4640-B6BF-86D2BA59F659}.Release|Any CPU.Build.0 = Release|Any CPU
		{DC52C458-0179-4915-BE0E-1789B9599679}.Debug|Any CPU.ActiveCfg = Debug|Any CPU
		{DC52C458-0179-4915-BE0E-1789B9599679}.Debug|Any CPU.Build.0 = Debug|Any CPU
		{DC52C458-0179-4915-BE0E-1789B9599679}.Release|Any CPU.ActiveCfg = Release|Any CPU
		{DC52C458-0179-4915-BE0E-1789B9599679}.Release|Any CPU.Build.0 = Release|Any CPU
	EndGlobalSection
	GlobalSection(SolutionProperties) = preSolution
		HideSolutionNode = FALSE
	EndGlobalSection
	GlobalSection(ExtensibilityGlobals) = postSolution
		SolutionGuid = {590A9C21-CC41-4DCB-8E54-051E2C349D87}
	EndGlobalSection
EndGlobal
